// !$*UTF8*$!
{
	archiveVersion = 1;
	classes = {
	};
	objectVersion = 50;
	objects = {

/* Begin PBXBuildFile section */
		5C1417CB23EA090A004FD641 /* BitCoinImage.png in Resources */ = {isa = PBXBuildFile; fileRef = 5C1417CA23EA090A004FD641 /* BitCoinImage.png */; };
		5C1417CD23EA0B26004FD641 /* BitCoinViewController.swift in Sources */ = {isa = PBXBuildFile; fileRef = 5C1417CC23EA0B26004FD641 /* BitCoinViewController.swift */; };
		5C1417D023EA1186004FD641 /* BitCoin.storyboard in Resources */ = {isa = PBXBuildFile; fileRef = 5C1417CE23EA1186004FD641 /* BitCoin.storyboard */; };
		5C1417D223EA17C4004FD641 /* BitCoinData.swift in Sources */ = {isa = PBXBuildFile; fileRef = 5C1417D123EA17C4004FD641 /* BitCoinData.swift */; };
		5C706F1E23E895A800DBE380 /* AppDelegate.swift in Sources */ = {isa = PBXBuildFile; fileRef = 5C706F1D23E895A800DBE380 /* AppDelegate.swift */; };
		5C706F2023E895A800DBE380 /* SceneDelegate.swift in Sources */ = {isa = PBXBuildFile; fileRef = 5C706F1F23E895A800DBE380 /* SceneDelegate.swift */; };
		5C706F2523E895A800DBE380 /* Main.storyboard in Resources */ = {isa = PBXBuildFile; fileRef = 5C706F2323E895A800DBE380 /* Main.storyboard */; };
		5C706F2723E895A900DBE380 /* Assets.xcassets in Resources */ = {isa = PBXBuildFile; fileRef = 5C706F2623E895A900DBE380 /* Assets.xcassets */; };
		5C706F2A23E895A900DBE380 /* LaunchScreen.storyboard in Resources */ = {isa = PBXBuildFile; fileRef = 5C706F2823E895A900DBE380 /* LaunchScreen.storyboard */; };
		5C706F3223E89A5D00DBE380 /* Logo.png in Resources */ = {isa = PBXBuildFile; fileRef = 5C706F3123E89A5D00DBE380 /* Logo.png */; };
		5C706F3423E89DE300DBE380 /* ConverencyViewController.swift in Sources */ = {isa = PBXBuildFile; fileRef = 5C706F3323E89DE300DBE380 /* ConverencyViewController.swift */; };
		5C706F3B23E8C3C600DBE380 /* CurrencyData.swift in Sources */ = {isa = PBXBuildFile; fileRef = 5C706F3A23E8C3C600DBE380 /* CurrencyData.swift */; };
/* End PBXBuildFile section */

/* Begin PBXFileReference section */
		5C1417CA23EA090A004FD641 /* BitCoinImage.png */ = {isa = PBXFileReference; lastKnownFileType = image.png; name = BitCoinImage.png; path = ../../../../../../Downloads/BitCoinImage.png; sourceTree = "<group>"; };
		5C1417CC23EA0B26004FD641 /* BitCoinViewController.swift */ = {isa = PBXFileReference; lastKnownFileType = sourcecode.swift; path = BitCoinViewController.swift; sourceTree = "<group>"; };
		5C1417CF23EA1186004FD641 /* Base */ = {isa = PBXFileReference; lastKnownFileType = file.storyboard; name = Base; path = Converency/View/Base.lproj/BitCoin.storyboard; sourceTree = "<group>"; };
		5C1417D123EA17C4004FD641 /* BitCoinData.swift */ = {isa = PBXFileReference; lastKnownFileType = sourcecode.swift; path = BitCoinData.swift; sourceTree = "<group>"; };
		5C706F1A23E895A800DBE380 /* Converency.app */ = {isa = PBXFileReference; explicitFileType = wrapper.application; includeInIndex = 0; path = Converency.app; sourceTree = BUILT_PRODUCTS_DIR; };
		5C706F1D23E895A800DBE380 /* AppDelegate.swift */ = {isa = PBXFileReference; lastKnownFileType = sourcecode.swift; path = AppDelegate.swift; sourceTree = "<group>"; };
		5C706F1F23E895A800DBE380 /* SceneDelegate.swift */ = {isa = PBXFileReference; lastKnownFileType = sourcecode.swift; path = SceneDelegate.swift; sourceTree = "<group>"; };
		5C706F2423E895A800DBE380 /* Base */ = {isa = PBXFileReference; lastKnownFileType = file.storyboard; name = Base; path = Base.lproj/Main.storyboard; sourceTree = "<group>"; };
		5C706F2623E895A900DBE380 /* Assets.xcassets */ = {isa = PBXFileReference; lastKnownFileType = folder.assetcatalog; path = Assets.xcassets; sourceTree = "<group>"; };
		5C706F2923E895A900DBE380 /* Base */ = {isa = PBXFileReference; lastKnownFileType = file.storyboard; name = Base; path = Base.lproj/LaunchScreen.storyboard; sourceTree = "<group>"; };
		5C706F2B23E895A900DBE380 /* Info.plist */ = {isa = PBXFileReference; lastKnownFileType = text.plist.xml; path = Info.plist; sourceTree = "<group>"; };
		5C706F3123E89A5D00DBE380 /* Logo.png */ = {isa = PBXFileReference; lastKnownFileType = image.png; name = Logo.png; path = ../../../../../../Downloads/Logo.png; sourceTree = "<group>"; };
		5C706F3323E89DE300DBE380 /* ConverencyViewController.swift */ = {isa = PBXFileReference; lastKnownFileType = sourcecode.swift; path = ConverencyViewController.swift; sourceTree = "<group>"; };
		5C706F3A23E8C3C600DBE380 /* CurrencyData.swift */ = {isa = PBXFileReference; lastKnownFileType = sourcecode.swift; path = CurrencyData.swift; sourceTree = "<group>"; };
/* End PBXFileReference section */

/* Begin PBXFrameworksBuildPhase section */
		5C706F1723E895A800DBE380 /* Frameworks */ = {
			isa = PBXFrameworksBuildPhase;
			buildActionMask = 2147483647;
			files = (
			);
			runOnlyForDeploymentPostprocessing = 0;
		};
/* End PBXFrameworksBuildPhase section */

/* Begin PBXGroup section */
		5C706F1123E895A800DBE380 = {
			isa = PBXGroup;
			children = (
				5C706F1C23E895A800DBE380 /* Converency */,
				5C706F1B23E895A800DBE380 /* Products */,
			);
			sourceTree = "<group>";
		};
		5C706F1B23E895A800DBE380 /* Products */ = {
			isa = PBXGroup;
			children = (
				5C706F1A23E895A800DBE380 /* Converency.app */,
			);
			name = Products;
			sourceTree = "<group>";
		};
		5C706F1C23E895A800DBE380 /* Converency */ = {
			isa = PBXGroup;
			children = (
				5C706F3523E8B19300DBE380 /* Model */,
				5C706F3623E8B19B00DBE380 /* View */,
				5C706F3723E8B19E00DBE380 /* Controller */,
				5C706F1D23E895A800DBE380 /* AppDelegate.swift */,
				5C706F3123E89A5D00DBE380 /* Logo.png */,
				5C1417CA23EA090A004FD641 /* BitCoinImage.png */,
				5C706F1F23E895A800DBE380 /* SceneDelegate.swift */,
				5C706F2623E895A900DBE380 /* Assets.xcassets */,
				5C706F2823E895A900DBE380 /* LaunchScreen.storyboard */,
				5C706F2B23E895A900DBE380 /* Info.plist */,
			);
			path = Converency;
			sourceTree = "<group>";
		};
		5C706F3523E8B19300DBE380 /* Model */ = {
			isa = PBXGroup;
			children = (
				5C706F3A23E8C3C600DBE380 /* CurrencyData.swift */,
				5C1417D123EA17C4004FD641 /* BitCoinData.swift */,
			);
			path = Model;
			sourceTree = "<group>";
		};
		5C706F3623E8B19B00DBE380 /* View */ = {
			isa = PBXGroup;
			children = (
				5C706F2323E895A800DBE380 /* Main.storyboard */,
				5C1417CE23EA1186004FD641 /* BitCoin.storyboard */,
			);
			path = View;
			sourceTree = "<group>";
		};
		5C706F3723E8B19E00DBE380 /* Controller */ = {
			isa = PBXGroup;
			children = (
				5C706F3323E89DE300DBE380 /* ConverencyViewController.swift */,
				5C1417CC23EA0B26004FD641 /* BitCoinViewController.swift */,
			);
			path = Controller;
			sourceTree = "<group>";
		};
/* End PBXGroup section */

/* Begin PBXNativeTarget section */
		5C706F1923E895A800DBE380 /* Converency */ = {
			isa = PBXNativeTarget;
			buildConfigurationList = 5C706F2E23E895A900DBE380 /* Build configuration list for PBXNativeTarget "Converency" */;
			buildPhases = (
				5C706F1623E895A800DBE380 /* Sources */,
				5C706F1723E895A800DBE380 /* Frameworks */,
				5C706F1823E895A800DBE380 /* Resources */,
			);
			buildRules = (
			);
			dependencies = (
			);
			name = Converency;
			productName = Converency;
			productReference = 5C706F1A23E895A800DBE380 /* Converency.app */;
			productType = "com.apple.product-type.application";
		};
/* End PBXNativeTarget section */

/* Begin PBXProject section */
		5C706F1223E895A800DBE380 /* Project object */ = {
			isa = PBXProject;
			attributes = {
				LastSwiftUpdateCheck = 1130;
				LastUpgradeCheck = 1130;
				ORGANIZATIONNAME = "Enrique Gongora";
				TargetAttributes = {
					5C706F1923E895A800DBE380 = {
						CreatedOnToolsVersion = 11.3.1;
					};
				};
			};
			buildConfigurationList = 5C706F1523E895A800DBE380 /* Build configuration list for PBXProject "Converency" */;
			compatibilityVersion = "Xcode 9.3";
			developmentRegion = en;
			hasScannedForEncodings = 0;
			knownRegions = (
				en,
				Base,
			);
			mainGroup = 5C706F1123E895A800DBE380;
			productRefGroup = 5C706F1B23E895A800DBE380 /* Products */;
			projectDirPath = "";
			projectRoot = "";
			targets = (
				5C706F1923E895A800DBE380 /* Converency */,
			);
		};
/* End PBXProject section */

/* Begin PBXResourcesBuildPhase section */
		5C706F1823E895A800DBE380 /* Resources */ = {
			isa = PBXResourcesBuildPhase;
			buildActionMask = 2147483647;
			files = (
				5C706F3223E89A5D00DBE380 /* Logo.png in Resources */,
				5C706F2A23E895A900DBE380 /* LaunchScreen.storyboard in Resources */,
				5C706F2723E895A900DBE380 /* Assets.xcassets in Resources */,
				5C1417D023EA1186004FD641 /* BitCoin.storyboard in Resources */,
				5C706F2523E895A800DBE380 /* Main.storyboard in Resources */,
				5C1417CB23EA090A004FD641 /* BitCoinImage.png in Resources */,
			);
			runOnlyForDeploymentPostprocessing = 0;
		};
/* End PBXResourcesBuildPhase section */

/* Begin PBXSourcesBuildPhase section */
		5C706F1623E895A800DBE380 /* Sources */ = {
			isa = PBXSourcesBuildPhase;
			buildActionMask = 2147483647;
			files = (
				5C1417D223EA17C4004FD641 /* BitCoinData.swift in Sources */,
				5C1417CD23EA0B26004FD641 /* BitCoinViewController.swift in Sources */,
				5C706F1E23E895A800DBE380 /* AppDelegate.swift in Sources */,
				5C706F2023E895A800DBE380 /* SceneDelegate.swift in Sources */,
				5C706F3B23E8C3C600DBE380 /* CurrencyData.swift in Sources */,
				5C706F3423E89DE300DBE380 /* ConverencyViewController.swift in Sources */,
			);
			runOnlyForDeploymentPostprocessing = 0;
		};
/* End PBXSourcesBuildPhase section */

/* Begin PBXVariantGroup section */
		5C1417CE23EA1186004FD641 /* BitCoin.storyboard */ = {
			isa = PBXVariantGroup;
			children = (
				5C1417CF23EA1186004FD641 /* Base */,
			);
			name = BitCoin.storyboard;
			sourceTree = "<group>";
		};
		5C706F2323E895A800DBE380 /* Main.storyboard */ = {
			isa = PBXVariantGroup;
			children = (
				5C706F2423E895A800DBE380 /* Base */,
			);
			name = Main.storyboard;
			sourceTree = "<group>";
		};
		5C706F2823E895A900DBE380 /* LaunchScreen.storyboard */ = {
			isa = PBXVariantGroup;
			children = (
				5C706F2923E895A900DBE380 /* Base */,
			);
			name = LaunchScreen.storyboard;
			sourceTree = "<group>";
		};
/* End PBXVariantGroup section */

/* Begin XCBuildConfiguration section */
		5C706F2C23E895A900DBE380 /* Debug */ = {
			isa = XCBuildConfiguration;
			buildSettings = {
				ALWAYS_SEARCH_USER_PATHS = NO;
				CLANG_ANALYZER_NONNULL = YES;
				CLANG_ANALYZER_NUMBER_OBJECT_CONVERSION = YES_AGGRESSIVE;
				CLANG_CXX_LANGUAGE_STANDARD = "gnu++14";
				CLANG_CXX_LIBRARY = "libc++";
				CLANG_ENABLE_MODULES = YES;
				CLANG_ENABLE_OBJC_ARC = YES;
				CLANG_ENABLE_OBJC_WEAK = YES;
				CLANG_WARN_BLOCK_CAPTURE_AUTORELEASING = YES;
				CLANG_WARN_BOOL_CONVERSION = YES;
				CLANG_WARN_COMMA = YES;
				CLANG_WARN_CONSTANT_CONVERSION = YES;
				CLANG_WARN_DEPRECATED_OBJC_IMPLEMENTATIONS = YES;
				CLANG_WARN_DIRECT_OBJC_ISA_USAGE = YES_ERROR;
				CLANG_WARN_DOCUMENTATION_COMMENTS = YES;
				CLANG_WARN_EMPTY_BODY = YES;
				CLANG_WARN_ENUM_CONVERSION = YES;
				CLANG_WARN_INFINITE_RECURSION = YES;
				CLANG_WARN_INT_CONVERSION = YES;
				CLANG_WARN_NON_LITERAL_NULL_CONVERSION = YES;
				CLANG_WARN_OBJC_IMPLICIT_RETAIN_SELF = YES;
				CLANG_WARN_OBJC_LITERAL_CONVERSION = YES;
				CLANG_WARN_OBJC_ROOT_CLASS = YES_ERROR;
				CLANG_WARN_RANGE_LOOP_ANALYSIS = YES;
				CLANG_WARN_STRICT_PROTOTYPES = YES;
				CLANG_WARN_SUSPICIOUS_MOVE = YES;
				CLANG_WARN_UNGUARDED_AVAILABILITY = YES_AGGRESSIVE;
				CLANG_WARN_UNREACHABLE_CODE = YES;
				CLANG_WARN__DUPLICATE_METHOD_MATCH = YES;
				COPY_PHASE_STRIP = NO;
				DEBUG_INFORMATION_FORMAT = dwarf;
				ENABLE_STRICT_OBJC_MSGSEND = YES;
				ENABLE_TESTABILITY = YES;
				GCC_C_LANGUAGE_STANDARD = gnu11;
				GCC_DYNAMIC_NO_PIC = NO;
				GCC_NO_COMMON_BLOCKS = YES;
				GCC_OPTIMIZATION_LEVEL = 0;
				GCC_PREPROCESSOR_DEFINITIONS = (
					"DEBUG=1",
					"$(inherited)",
				);
				GCC_WARN_64_TO_32_BIT_CONVERSION = YES;
				GCC_WARN_ABOUT_RETURN_TYPE = YES_ERROR;
				GCC_WARN_UNDECLARED_SELECTOR = YES;
				GCC_WARN_UNINITIALIZED_AUTOS = YES_AGGRESSIVE;
				GCC_WARN_UNUSED_FUNCTION = YES;
				GCC_WARN_UNUSED_VARIABLE = YES;
				IPHONEOS_DEPLOYMENT_TARGET = 13.2;
				MTL_ENABLE_DEBUG_INFO = INCLUDE_SOURCE;
				MTL_FAST_MATH = YES;
				ONLY_ACTIVE_ARCH = YES;
				SDKROOT = iphoneos;
				SWIFT_ACTIVE_COMPILATION_CONDITIONS = DEBUG;
				SWIFT_OPTIMIZATION_LEVEL = "-Onone";
			};
			name = Debug;
		};
		5C706F2D23E895A900DBE380 /* Release */ = {
			isa = XCBuildConfiguration;
			buildSettings = {
				ALWAYS_SEARCH_USER_PATHS = NO;
				CLANG_ANALYZER_NONNULL = YES;
				CLANG_ANALYZER_NUMBER_OBJECT_CONVERSION = YES_AGGRESSIVE;
				CLANG_CXX_LANGUAGE_STANDARD = "gnu++14";
				CLANG_CXX_LIBRARY = "libc++";
				CLANG_ENABLE_MODULES = YES;
				CLANG_ENABLE_OBJC_ARC = YES;
				CLANG_ENABLE_OBJC_WEAK = YES;
				CLANG_WARN_BLOCK_CAPTURE_AUTORELEASING = YES;
				CLANG_WARN_BOOL_CONVERSION = YES;
				CLANG_WARN_COMMA = YES;
				CLANG_WARN_CONSTANT_CONVERSION = YES;
				CLANG_WARN_DEPRECATED_OBJC_IMPLEMENTATIONS = YES;
				CLANG_WARN_DIRECT_OBJC_ISA_USAGE = YES_ERROR;
				CLANG_WARN_DOCUMENTATION_COMMENTS = YES;
				CLANG_WARN_EMPTY_BODY = YES;
				CLANG_WARN_ENUM_CONVERSION = YES;
				CLANG_WARN_INFINITE_RECURSION = YES;
				CLANG_WARN_INT_CONVERSION = YES;
				CLANG_WARN_NON_LITERAL_NULL_CONVERSION = YES;
				CLANG_WARN_OBJC_IMPLICIT_RETAIN_SELF = YES;
				CLANG_WARN_OBJC_LITERAL_CONVERSION = YES;
				CLANG_WARN_OBJC_ROOT_CLASS = YES_ERROR;
				CLANG_WARN_RANGE_LOOP_ANALYSIS = YES;
				CLANG_WARN_STRICT_PROTOTYPES = YES;
				CLANG_WARN_SUSPICIOUS_MOVE = YES;
				CLANG_WARN_UNGUARDED_AVAILABILITY = YES_AGGRESSIVE;
				CLANG_WARN_UNREACHABLE_CODE = YES;
				CLANG_WARN__DUPLICATE_METHOD_MATCH = YES;
				COPY_PHASE_STRIP = NO;
				DEBUG_INFORMATION_FORMAT = "dwarf-with-dsym";
				ENABLE_NS_ASSERTIONS = NO;
				ENABLE_STRICT_OBJC_MSGSEND = YES;
				GCC_C_LANGUAGE_STANDARD = gnu11;
				GCC_NO_COMMON_BLOCKS = YES;
				GCC_WARN_64_TO_32_BIT_CONVERSION = YES;
				GCC_WARN_ABOUT_RETURN_TYPE = YES_ERROR;
				GCC_WARN_UNDECLARED_SELECTOR = YES;
				GCC_WARN_UNINITIALIZED_AUTOS = YES_AGGRESSIVE;
				GCC_WARN_UNUSED_FUNCTION = YES;
				GCC_WARN_UNUSED_VARIABLE = YES;
				IPHONEOS_DEPLOYMENT_TARGET = 13.2;
				MTL_ENABLE_DEBUG_INFO = NO;
				MTL_FAST_MATH = YES;
				SDKROOT = iphoneos;
				SWIFT_COMPILATION_MODE = wholemodule;
				SWIFT_OPTIMIZATION_LEVEL = "-O";
				VALIDATE_PRODUCT = YES;
			};
			name = Release;
		};
		5C706F2F23E895A900DBE380 /* Debug */ = {
			isa = XCBuildConfiguration;
			buildSettings = {
				ASSETCATALOG_COMPILER_APPICON_NAME = AppIcon;
				CODE_SIGN_IDENTITY = "Apple Development";
				CODE_SIGN_STYLE = Automatic;
				DEVELOPMENT_TEAM = T8B9LKFKJY;
				INFOPLIST_FILE = Converency/Info.plist;
				LD_RUNPATH_SEARCH_PATHS = (
					"$(inherited)",
					"@executable_path/Frameworks",
				);
				PRODUCT_BUNDLE_IDENTIFIER = com.enriquegongora.Converency;
				PRODUCT_NAME = "$(TARGET_NAME)";
				PROVISIONING_PROFILE_SPECIFIER = "";
				SWIFT_VERSION = 5.0;
				TARGETED_DEVICE_FAMILY = 1;
			};
			name = Debug;
		};
		5C706F3023E895A900DBE380 /* Release */ = {
			isa = XCBuildConfiguration;
			buildSettings = {
				ASSETCATALOG_COMPILER_APPICON_NAME = AppIcon;
				CODE_SIGN_IDENTITY = "Apple Development";
				CODE_SIGN_STYLE = Automatic;
				DEVELOPMENT_TEAM = T8B9LKFKJY;
				INFOPLIST_FILE = Converency/Info.plist;
				LD_RUNPATH_SEARCH_PATHS = (
					"$(inherited)",
					"@executable_path/Frameworks",
				);
				PRODUCT_BUNDLE_IDENTIFIER = com.enriquegongora.Converency;
				PRODUCT_NAME = "$(TARGET_NAME)";
				PROVISIONING_PROFILE_SPECIFIER = "";
				SWIFT_VERSION = 5.0;
				TARGETED_DEVICE_FAMILY = 1;
			};
			name = Release;
		};
/* End XCBuildConfiguration section */

/* Begin XCConfigurationList section */
		5C706F1523E895A800DBE380 /* Build configuration list for PBXProject "Converency" */ = {
			isa = XCConfigurationList;
			buildConfigurations = (
				5C706F2C23E895A900DBE380 /* Debug */,
				5C706F2D23E895A900DBE380 /* Release */,
			);
			defaultConfigurationIsVisible = 0;
			defaultConfigurationName = Release;
		};
		5C706F2E23E895A900DBE380 /* Build configuration list for PBXNativeTarget "Converency" */ = {
			isa = XCConfigurationList;
			buildConfigurations = (
				5C706F2F23E895A900DBE380 /* Debug */,
				5C706F3023E895A900DBE380 /* Release */,
			);
			defaultConfigurationIsVisible = 0;
			defaultConfigurationName = Release;
		};
/* End XCConfigurationList section */
	};
	rootObject = 5C706F1223E895A800DBE380 /* Project object */;
}
